
Microsoft Visual Studio Solution File, Format Version 12.00
# Visual Studio 15
VisualStudioVersion = 15.0.28307.1062
MinimumVisualStudioVersion = 10.0.40219.1
Project("{FAE04EC0-301F-11D3-BF4B-00C04F79EFBC}") = "LojaFilmes", "LojaFilmes\LojaFilmes.csproj", "{9FF34EE4-46F9-42CA-971E-E85A379EA630}"
EndProject
Global
	GlobalSection(SolutionConfigurationPlatforms) = preSolution
		Debug|Any CPU = Debug|Any CPU
		Release|Any CPU = Release|Any CPU
	EndGlobalSection
	GlobalSection(ProjectConfigurationPlatforms) = postSolution
		{9FF34EE4-46F9-42CA-971E-E85A379EA630}.Debug|Any CPU.ActiveCfg = Debug|Any CPU
		{9FF34EE4-46F9-42CA-971E-E85A379EA630}.Debug|Any CPU.Build.0 = Debug|Any CPU
		{9FF34EE4-46F9-42CA-971E-E85A379EA630}.Release|Any CPU.ActiveCfg = Release|Any CPU
		{9FF34EE4-46F9-42CA-971E-E85A379EA630}.Release|Any CPU.Build.0 = Release|Any CPU
	EndGlobalSection
	GlobalSection(SolutionProperties) = preSolution
		HideSolutionNode = FALSE
	EndGlobalSection
	GlobalSection(ExtensibilityGlobals) = postSolution
		SolutionGuid = {FA85262B-8FA0-4FB3-A0C5-FE49D62FB11D}
	EndGlobalSection
EndGlobal
